{
  "name": "fadebender",
  "lockfileVersion": 3,
  "requires": true,
  "packages": {
    "node_modules/baseline-browser-mapping": {
      "version": "2.8.28",
      "resolved": "https://registry.npmjs.org/baseline-browser-mapping/-/baseline-browser-mapping-2.8.28.tgz",
      "integrity": "sha512-gYjt7OIqdM0PcttNYP2aVrr2G0bMALkBaoehD4BuRGjAOtipg0b6wHg1yNL+s5zSnLZZrGHOw4IrND8CD+3oIQ==",
      "dev": true,
      "bin": {
        "baseline-browser-mapping": "dist/cli.js"
      }
    }
  }
}
